
Microsoft Visual Studio Solution File, Format Version 12.00
# Visual Studio Version 17
VisualStudioVersion = 17.3.32819.101
MinimumVisualStudioVersion = 10.0.40219.1
Project("{FAE04EC0-301F-11D3-BF4B-00C04F79EFBC}") = "DIP", "DIP\DIP.csproj", "{0440777D-C4CF-4A8C-BDA7-C4E191FA6D03}"
EndProject
Global
	GlobalSection(SolutionConfigurationPlatforms) = preSolution
		Debug|Any CPU = Debug|Any CPU
		Release|Any CPU = Release|Any CPU
	EndGlobalSection
	GlobalSection(ProjectConfigurationPlatforms) = postSolution
		{0440777D-C4CF-4A8C-BDA7-C4E191FA6D03}.Debug|Any CPU.ActiveCfg = Debug|Any CPU
		{0440777D-C4CF-4A8C-BDA7-C4E191FA6D03}.Debug|Any CPU.Build.0 = Debug|Any CPU
		{0440777D-C4CF-4A8C-BDA7-C4E191FA6D03}.Release|Any CPU.ActiveCfg = Release|Any CPU
		{0440777D-C4CF-4A8C-BDA7-C4E191FA6D03}.Release|Any CPU.Build.0 = Release|Any CPU
	EndGlobalSection
	GlobalSection(SolutionProperties) = preSolution
		HideSolutionNode = FALSE
	EndGlobalSection
	GlobalSection(ExtensibilityGlobals) = postSolution
		SolutionGuid = {6E169FBE-D931-4C38-A930-88F0FE8886DD}
	EndGlobalSection
EndGlobal
